{
  "name": "petrel-ui",
  "version": "0.0.1",
  "lockfileVersion": 3,
  "requires": true,
  "packages": {
    "": {
      "name": "petrel-ui",
      "version": "0.0.1",
      "dependencies": {
        "@ariakit/react": "^0.4.37",
        "@tanstack/react-virtual": "^3.14.10",
        "@tauri-apps/api": "^2.9.0",
        "lucide-react": "^1.33.0",
        "react": "^19.0.0",
        "react-dom": "^19.0.0"
      },
      "devDependencies": {
        "@types/react": "^19.0.0",
        "@types/react-dom": "^19.0.0",
        "@vitejs/plugin-react": "^5.0.0",
        "typescript": "^5.6.0",
        "vite": "^7.0.0"
      }
    },
    "../../../node_modules/.pnpm/@tauri-apps+api@2.11.1/node_modules/@tauri-apps/api": {
      "version": "2.11.1",
      "license": "Apache-2.0 OR MIT",
      "devDependencies": {
        "@eslint/js": "^10.0.1",
        "@rollup/plugin-terser": "1.0.0",
        "@rollup/plugin-typescript": "12.3.0",
        "@types/eslint": "^9.6.1",
        "@types/node": "^24.11.0",
        "eslint": "^10.0.2",
        "eslint-config-prettier": "10.1.8",
        "eslint-plugin-security": "4.0.1",
        "fast-glob": "3.3.3",
        "globals": "^17.4.0",
        "rollup": "4.61.1",
        "tslib": "^2.8.1",
        "typescript": "^6.0.0",
        "typescript-eslint": "^8.58.2"
      },
      "funding": {
        "type": "opencollective",
        "url": "https://opencollective.com/tauri"
      }
    },
    "../../../node_modules/.pnpm/@types+react-dom@19.2.4_@types+react@19.2.18/node_modules/@types/react-dom": {
      "version": "19.2.4",
      "dev": true,
      "license": "MIT",
      "peerDependencies": {
        "@types/react": "^19.2.0"
      }
    },
    "../../../node_modules/.pnpm/@types+react@19.2.18/node_modules/@types/react": {
      "version": "19.2.18",
      "dev": true,
      "license": "MIT",
      "dependencies": {
        "csstype": "^3.2.2"
      }
    },
    "../../../node_modules/.pnpm/@vitejs+plugin-react@5.2.0_vite@7.3.6/node_modules/@vitejs/plugin-react": {
      "version": "5.2.0",
      "dev": true,
      "license": "MIT",
      "dependencies": {
        "@babel/core": "^7.29.0",
        "@babel/plugin-transform-react-jsx-self": "^7.27.1",
        "@babel/plugin-transform-react-jsx-source": "^7.27.1",
        "@rolldown/pluginutils": "1.0.0-rc.3",
        "@types/babel__core": "^7.20.5",
        "react-refresh": "^0.18.0"
      },
      "devDependencies": {
        "@vitejs/react-common": "workspace:*",
        "babel-plugin-react-compiler": "19.1.0-rc.3",
        "react": "^19.2.4",
        "react-dom": "^19.2.4",
        "rolldown": "1.0.0-rc.3",
        "tsdown": "^0.20.3"
      },
      "engines": {
        "node": "^20.19.0 || >=22.12.0"
      },
      "peerDependencies": {
        "vite": "^4.2.0 || ^5.0.0 || ^6.0.0 || ^7.0.0 || ^8.0.0"
      }
    },
    "../../../node_modules/.pnpm/react-dom@19.2.8_react@19.2.8/node_modules/react-dom": {
      "version": "19.2.8",
      "license": "MIT",
      "dependencies": {
        "scheduler": "^0.27.0"
      },
      "peerDependencies": {
        "react": "^19.2.8"
      }
    },
    "../../../node_modules/.pnpm/react@19.2.8/node_modules/react": {
      "version": "19.2.8",
      "license": "MIT",
      "engines": {
        "node": ">=0.10.0"
      }
    },
    "../../../node_modules/.pnpm/typescript@5.9.3/node_modules/typescript": {
      "version": "5.9.3",
      "dev": true,
      "license": "Apache-2.0",
      "bin": {
        "tsc": "bin/tsc",
        "tsserver": "bin/tsserver"
      },
      "devDependencies": {
        "@dprint/formatter": "^0.4.1",
        "@dprint/typescript": "0.93.4",
        "@esfx/canceltoken": "^1.0.0",
        "@eslint/js": "^9.20.0",
        "@octokit/rest": "^21.1.1",
        "@types/chai": "^4.3.20",
        "@types/diff": "^7.0.1",
        "@types/minimist": "^1.2.5",
        "@types/mocha": "^10.0.10",
        "@types/ms": "^0.7.34",
        "@types/node": "latest",
        "@types/source-map-support": "^0.5.10",
        "@types/which": "^3.0.4",
        "@typescript-eslint/rule-tester": "^8.24.1",
        "@typescript-eslint/type-utils": "^8.24.1",
        "@typescript-eslint/utils": "^8.24.1",
        "azure-devops-node-api": "^14.1.0",
        "c8": "^10.1.3",
        "chai": "^4.5.0",
        "chokidar": "^4.0.3",
        "diff": "^7.0.0",
        "dprint": "^0.49.0",
        "esbuild": "^0.25.0",
        "eslint": "^9.20.1",
        "eslint-formatter-autolinkable-stylish": "^1.4.0",
        "eslint-plugin-regexp": "^2.7.0",
        "fast-xml-parser": "^4.5.2",
        "glob": "^10.4.5",
        "globals": "^15.15.0",
        "hereby": "^1.10.0",
        "jsonc-parser": "^3.3.1",
        "knip": "^5.44.4",
        "minimist": "^1.2.8",
        "mocha": "^10.8.2",
        "mocha-fivemat-progress-reporter": "^0.1.0",
        "monocart-coverage-reports": "^2.12.1",
        "ms": "^2.1.3",
        "picocolors": "^1.1.1",
        "playwright": "^1.50.1",
        "source-map-support": "^0.5.21",
        "tslib": "^2.8.1",
        "typescript": "^5.7.3",
        "typescript-eslint": "^8.24.1",
        "which": "^3.0.1"
      },
      "engines": {
        "node": ">=14.17"
      }
    },
    "../../../node_modules/.pnpm/vite@7.3.6/node_modules/vite": {
      "version": "7.3.6",
      "dev": true,
      "license": "MIT",
      "dependencies": {
        "esbuild": "^0.27.0 || ^0.28.0",
        "fdir": "^6.5.0",
        "picomatch": "^4.0.3",
        "postcss": "^8.5.6",
        "rollup": "^4.43.0",
        "tinyglobby": "^0.2.15"
      },
      "bin": {
        "vite": "bin/vite.js"
      },
      "devDependencies": {
        "@babel/parser": "^7.28.5",
        "@jridgewell/remapping": "^2.3.5",
        "@jridgewell/trace-mapping": "^0.3.31",
        "@oxc-project/types": "0.95.0",
        "@polka/compression": "^1.0.0-next.25",
        "@rolldown/pluginutils": "^1.0.0-beta.52",
        "@rollup/plugin-alias": "^5.1.1",
        "@rollup/plugin-commonjs": "^29.0.0",
        "@rollup/plugin-dynamic-import-vars": "2.1.4",
        "@rollup/pluginutils": "^5.3.0",
        "@types/escape-html": "^1.0.4",
        "@types/pnpapi": "^0.0.5",
        "artichokie": "^0.4.2",
        "baseline-browser-mapping": "^2.8.32",
        "cac": "^6.7.14",
        "chokidar": "^3.6.0",
        "connect": "^3.7.0",
        "convert-source-map": "^2.0.0",
        "cors": "^2.8.5",
        "cross-spawn": "^7.0.6",
        "dotenv": "^17.2.3",
        "dotenv-expand": "^12.0.3",
        "es-module-lexer": "^1.7.0",
        "escape-html": "^1.0.3",
        "estree-walker": "^3.0.3",
        "etag": "^1.8.1",
        "host-validation-middleware": "^0.1.2",
        "http-proxy-3": "^1.22.0",
        "launch-editor-middleware": "^2.14.1",
        "lightningcss": "^1.30.2",
        "magic-string": "^0.30.21",
        "mlly": "^1.8.0",
        "mrmime": "^2.0.1",
        "nanoid": "^5.1.6",
        "obug": "^1.0.2",
        "open": "^10.2.0",
        "parse5": "^8.0.0",
        "pathe": "^2.0.3",
        "periscopic": "^4.0.2",
        "picocolors": "^1.1.1",
        "postcss-import": "^16.1.1",
        "postcss-load-config": "^6.0.1",
        "postcss-modules": "^6.0.1",
        "premove": "^4.0.0",
        "resolve.exports": "^2.0.3",
        "rolldown": "^1.0.0-beta.52",
        "rolldown-plugin-dts": "^0.18.1",
        "rollup-plugin-license": "^3.6.0",
        "sass": "^1.94.2",
        "sass-embedded": "^1.93.3",
        "sirv": "^3.0.2",
        "strip-literal": "^3.1.0",
        "terser": "^5.44.1",
        "tsconfck": "^3.1.6",
        "ufo": "^1.6.1",
        "ws": "^8.18.3"
      },
      "engines": {
        "node": "^20.19.0 || >=22.12.0"
      },
      "funding": {
        "url": "https://github.com/vitejs/vite?sponsor=1"
      },
      "optionalDependencies": {
        "fsevents": "~2.3.3"
      },
      "peerDependencies": {
        "@types/node": "^20.19.0 || >=22.12.0",
        "jiti": ">=1.21.0",
        "less": "^4.0.0",
        "lightningcss": "^1.21.0",
        "sass": "^1.70.0",
        "sass-embedded": "^1.70.0",
        "stylus": ">=0.54.8",
        "sugarss": "^5.0.0",
        "terser": "^5.16.0",
        "tsx": "^4.8.1",
        "yaml": "^2.4.2"
      },
      "peerDependenciesMeta": {
        "@types/node": {
          "optional": true
        },
        "jiti": {
          "optional": true
        },
        "less": {
          "optional": true
        },
        "lightningcss": {
          "optional": true
        },
        "sass": {
          "optional": true
        },
        "sass-embedded": {
          "optional": true
        },
        "stylus": {
          "optional": true
        },
        "sugarss": {
          "optional": true
        },
        "terser": {
          "optional": true
        },
        "tsx": {
          "optional": true
        },
        "yaml": {
          "optional": true
        }
      }
    },
    "node_modules/@ariakit/components": {
      "version": "0.1.10",
      "resolved": "https://registry.npmjs.org/@ariakit/components/-/components-0.1.10.tgz",
      "integrity": "sha512-fRcCq48nSO7H5WT1m23LufjzRFnj7wsNRpJlBEIAwLmkpNIG7pvevXaob2flEvRQr97HeHF5l2CIwKc304VOmA==",
      "license": "MIT",
      "dependencies": {
        "@ariakit/store": "0.1.8",
        "@ariakit/utils": "0.1.6"
      }
    },
    "node_modules/@ariakit/react": {
      "version": "0.4.37",
      "resolved": "https://registry.npmjs.org/@ariakit/react/-/react-0.4.37.tgz",
      "integrity": "sha512-ifVmhGI5XUotjXNEza+AXhx95ksuSWY61lujgYPt7Zf0gS6mSIFplVi8bn9kYxmVhlKeC1kjPNP/KVOGmmruwQ==",
      "license": "MIT",
      "dependencies": {
        "@ariakit/react-components": "0.4.1"
      },
      "funding": {
        "type": "opencollective",
        "url": "https://opencollective.com/ariakit"
      },
      "peerDependencies": {
        "react": "^17.0.0 || ^18.0.0 || ^19.0.0",
        "react-dom": "^17.0.0 || ^18.0.0 || ^19.0.0"
      }
    },
    "node_modules/@ariakit/react-components": {
      "version": "0.4.1",
      "resolved": "https://registry.npmjs.org/@ariakit/react-components/-/react-components-0.4.1.tgz",
      "integrity": "sha512-Q1CebbG1AFgj5S6FvuhpcRDcPfQOHg8ocAjJ8QEysLcecp7IHX3pEcZ4RZsCwSCL1GxJ9UM+Wza30nIfUH5JMw==",
      "license": "MIT",
      "dependencies": {
        "@ariakit/components": "0.1.10",
        "@ariakit/react-store": "0.1.9",
        "@ariakit/react-utils": "0.2.4",
        "@ariakit/store": "0.1.8",
        "@ariakit/utils": "0.1.6",
        "@floating-ui/dom": "^1.0.0"
      },
      "peerDependencies": {
        "react": "^17.0.0 || ^18.0.0 || ^19.0.0",
        "react-dom": "^17.0.0 || ^18.0.0 || ^19.0.0"
      }
    },
    "node_modules/@ariakit/react-store": {
      "version": "0.1.9",
      "resolved": "https://registry.npmjs.org/@ariakit/react-store/-/react-store-0.1.9.tgz",
      "integrity": "sha512-5n9RwDDwo2pnDbv5phlttpRUQlXot1J/K3efFSoQlivNSBu7dFf3js6rj7mWtFHhwx6HCjxvp1Q/BJpYtgUf+g==",
      "license": "MIT",
      "dependencies": {
        "@ariakit/react-utils": "0.2.4",
        "@ariakit/store": "0.1.8",
        "@ariakit/utils": "0.1.6",
        "use-sync-external-store": "^1.6.0"
      },
      "peerDependencies": {
        "react": "^17.0.0 || ^18.0.0 || ^19.0.0"
      }
    },
    "node_modules/@ariakit/react-utils": {
      "version": "0.2.4",
      "resolved": "https://registry.npmjs.org/@ariakit/react-utils/-/react-utils-0.2.4.tgz",
      "integrity": "sha512-MzW0Sqhooa4xHUaFXaDnENqwtaXORCBkYLmZPkVYPhJBg/kqI6UCJkkuJcnkSh708yBooi+EOh0EP/eEvWBsFQ==",
      "license": "MIT",
      "dependencies": {
        "@ariakit/store": "0.1.8",
        "@ariakit/utils": "0.1.6"
      },
      "peerDependencies": {
        "react": "^17.0.0 || ^18.0.0 || ^19.0.0"
      }
    },
    "node_modules/@ariakit/store": {
      "version": "0.1.8",
      "resolved": "https://registry.npmjs.org/@ariakit/store/-/store-0.1.8.tgz",
      "integrity": "sha512-UEvinG84EDb2vqs0ER5GDD9TyMXWddrPVIg9PO3Nqdsfa0YMTTpe7xaw/PeGjarmvbepoiMbhDw/Wns230GLXA==",
      "license": "MIT",
      "dependencies": {
        "@ariakit/utils": "0.1.6"
      }
    },
    "node_modules/@ariakit/utils": {
      "version": "0.1.6",
      "resolved": "https://registry.npmjs.org/@ariakit/utils/-/utils-0.1.6.tgz",
      "integrity": "sha512-oI2863azKhrFrffsOszK3g+ds2yC0gIFSkBZyHWesHco+lcvKho//McNZQFo/pglnlKPazeR0+/9gO9xkwjzNA==",
      "license": "MIT"
    },
    "node_modules/@floating-ui/core": {
      "version": "1.8.0",
      "resolved": "https://registry.npmjs.org/@floating-ui/core/-/core-1.8.0.tgz",
      "integrity": "sha512-0CIZ5itps/8x7BG8dEIhs53BvCUH2PCoogtakwRTut+Arm58sJooJ0AuZhLw2HJYIR5cMLNPBSS728sPho2khQ==",
      "license": "MIT",
      "dependencies": {
        "@floating-ui/utils": "^0.2.12"
      }
    },
    "node_modules/@floating-ui/dom": {
      "version": "1.8.0",
      "resolved": "https://registry.npmjs.org/@floating-ui/dom/-/dom-1.8.0.tgz",
      "integrity": "sha512-yXSrzeHZBTZadLOlfyhCkJHNeLJnHRnRInwdZ40L7ZiaAtrBwoYlsDrX3v5zB1Utk7CLfzcOVnVVWoXEky7Ceg==",
      "license": "MIT",
      "dependencies": {
        "@floating-ui/core": "^1.8.0",
        "@floating-ui/utils": "^0.2.12"
      }
    },
    "node_modules/@floating-ui/utils": {
      "version": "0.2.12",
      "resolved": "https://registry.npmjs.org/@floating-ui/utils/-/utils-0.2.12.tgz",
      "integrity": "sha512-HpCo8tmWzLVad5s2d19EhAz5zqrrQ6s69qd6moPMQvkOuSwDT1YgRfWSVuc4ennqrgv3OHppiOGMQ7oC13yIww==",
      "license": "MIT"
    },
    "node_modules/@tanstack/react-virtual": {
      "version": "3.14.10",
      "resolved": "https://registry.npmjs.org/@tanstack/react-virtual/-/react-virtual-3.14.10.tgz",
      "integrity": "sha512-SRyoUbdFMRHuYXMijV5H4ZarQWpXkj3iANq8OFre+pybeVap8ZJjZ3Nz9bVjx4d8PfobVUQUdKyyyHYk3E+djw==",
      "license": "MIT",
      "dependencies": {
        "@tanstack/virtual-core": "3.17.8"
      },
      "funding": {
        "type": "github",
        "url": "https://github.com/sponsors/tannerlinsley"
      },
      "peerDependencies": {
        "react": "^16.8.0 || ^17.0.0 || ^18.0.0 || ^19.0.0",
        "react-dom": "^16.8.0 || ^17.0.0 || ^18.0.0 || ^19.0.0"
      }
    },
    "node_modules/@tanstack/virtual-core": {
      "version": "3.17.8",
      "resolved": "https://registry.npmjs.org/@tanstack/virtual-core/-/virtual-core-3.17.8.tgz",
      "integrity": "sha512-BfEvehNpOT75r5Ksc5xW6NZuXujTfb7nlSEyVu4XHG3gdxNg1KqXruWbDewXOUaUYIo4oRbSfkjIajz4MAT8tA==",
      "license": "MIT",
      "funding": {
        "type": "github",
        "url": "https://github.com/sponsors/tannerlinsley"
      }
    },
    "node_modules/@tauri-apps/api": {
      "resolved": "../../../node_modules/.pnpm/@tauri-apps+api@2.11.1/node_modules/@tauri-apps/api",
      "link": true
    },
    "node_modules/@types/react": {
      "resolved": "../../../node_modules/.pnpm/@types+react@19.2.18/node_modules/@types/react",
      "link": true
    },
    "node_modules/@types/react-dom": {
      "resolved": "../../../node_modules/.pnpm/@types+react-dom@19.2.4_@types+react@19.2.18/node_modules/@types/react-dom",
      "link": true
    },
    "node_modules/@vitejs/plugin-react": {
      "resolved": "../../../node_modules/.pnpm/@vitejs+plugin-react@5.2.0_vite@7.3.6/node_modules/@vitejs/plugin-react",
      "link": true
    },
    "node_modules/lucide-react": {
      "version": "1.33.0",
      "resolved": "https://registry.npmjs.org/lucide-react/-/lucide-react-1.33.0.tgz",
      "integrity": "sha512-MTRwMy0ZlL8Ur/vOAiJ9XGHE+kFPC7brq6MxAm0GiGXEBj0qy0jA/pG4N675oSzciO/UCdX8T+5yUQdmDeTLxg==",
      "license": "ISC",
      "peerDependencies": {
        "react": "^16.5.1 || ^17.0.0 || ^18.0.0 || ^19.0.0"
      }
    },
    "node_modules/react": {
      "resolved": "../../../node_modules/.pnpm/react@19.2.8/node_modules/react",
      "link": true
    },
    "node_modules/react-dom": {
      "resolved": "../../../node_modules/.pnpm/react-dom@19.2.8_react@19.2.8/node_modules/react-dom",
      "link": true
    },
    "node_modules/typescript": {
      "resolved": "../../../node_modules/.pnpm/typescript@5.9.3/node_modules/typescript",
      "link": true
    },
    "node_modules/use-sync-external-store": {
      "version": "1.6.0",
      "resolved": "https://registry.npmjs.org/use-sync-external-store/-/use-sync-external-store-1.6.0.tgz",
      "integrity": "sha512-Pp6GSwGP/NrPIrxVFAIkOQeyw8lFenOHijQWkUTrDvrF4ALqylP2C/KCkeS9dpUM3KvYRQhna5vt7IL95+ZQ9w==",
      "license": "MIT",
      "peerDependencies": {
        "react": "^16.8.0 || ^17.0.0 || ^18.0.0 || ^19.0.0"
      }
    },
    "node_modules/vite": {
      "resolved": "../../../node_modules/.pnpm/vite@7.3.6/node_modules/vite",
      "link": true
    }
  }
}
